// !$*UTF8*$!
{
	archiveVersion = 1;
	classes = {
	};
	objectVersion = 46;
	objects = {

/* Begin PBXBuildFile section */
		4647E00B7B5C985E320E24C9 /* Pods_OneTechAsia.framework in Frameworks */ = {isa = PBXBuildFile; fileRef = B6360A6EE8559D909BD92E47 /* Pods_OneTechAsia.framework */; };
		AE3629BB1F45969B00AED4D7 /* Utility.swift in Sources */ = {isa = PBXBuildFile; fileRef = AE3629BA1F45969B00AED4D7 /* Utility.swift */; };
		AE3629C91F459DE600AED4D7 /* KozGoPr0.otf in Resources */ = {isa = PBXBuildFile; fileRef = AE3629BD1F459DE600AED4D7 /* KozGoPr0.otf */; };
		AE3629CA1F459DE600AED4D7 /* KozGoPr2.otf in Resources */ = {isa = PBXBuildFile; fileRef = AE3629BE1F459DE600AED4D7 /* KozGoPr2.otf */; };
		AE3629CB1F459DE600AED4D7 /* KozGoPr4.otf in Resources */ = {isa = PBXBuildFile; fileRef = AE3629BF1F459DE600AED4D7 /* KozGoPr4.otf */; };
		AE3629CC1F459DE600AED4D7 /* KozGoPr6.otf in Resources */ = {isa = PBXBuildFile; fileRef = AE3629C01F459DE600AED4D7 /* KozGoPr6.otf */; };
		AE3629CD1F459DE600AED4D7 /* KozGoPr6N-Bold.otf in Resources */ = {isa = PBXBuildFile; fileRef = AE3629C11F459DE600AED4D7 /* KozGoPr6N-Bold.otf */; };
		AE3629CE1F459DE600AED4D7 /* KozGoPr6N-ExtraLight.otf in Resources */ = {isa = PBXBuildFile; fileRef = AE3629C21F459DE600AED4D7 /* KozGoPr6N-ExtraLight.otf */; };
		AE3629CF1F459DE600AED4D7 /* KozGoPr6N-Heavy.otf in Resources */ = {isa = PBXBuildFile; fileRef = AE3629C31F459DE600AED4D7 /* KozGoPr6N-Heavy.otf */; };
		AE3629D01F459DE600AED4D7 /* KozGoPr6N-Light.otf in Resources */ = {isa = PBXBuildFile; fileRef = AE3629C41F459DE600AED4D7 /* KozGoPr6N-Light.otf */; };
		AE3629D11F459DE600AED4D7 /* KozGoPr6N-Medium.otf in Resources */ = {isa = PBXBuildFile; fileRef = AE3629C51F459DE600AED4D7 /* KozGoPr6N-Medium.otf */; };
		AE3629D21F459DE600AED4D7 /* KozGoPr6N-Regular.otf in Resources */ = {isa = PBXBuildFile; fileRef = AE3629C61F459DE600AED4D7 /* KozGoPr6N-Regular.otf */; };
		AE3629D31F459DE600AED4D7 /* KozGoPr8.otf in Resources */ = {isa = PBXBuildFile; fileRef = AE3629C71F459DE600AED4D7 /* KozGoPr8.otf */; };
		AE3629D41F459DE600AED4D7 /* KozGoPrA.otf in Resources */ = {isa = PBXBuildFile; fileRef = AE3629C81F459DE600AED4D7 /* KozGoPrA.otf */; };
		AE3629D61F45AD5900AED4D7 /* Ads.swift in Sources */ = {isa = PBXBuildFile; fileRef = AE3629D51F45AD5900AED4D7 /* Ads.swift */; };
		AE45EE421F450DE800915152 /* AppDelegate.swift in Sources */ = {isa = PBXBuildFile; fileRef = AE45EE411F450DE800915152 /* AppDelegate.swift */; };
		AE45EE441F450DE800915152 /* ViewController.swift in Sources */ = {isa = PBXBuildFile; fileRef = AE45EE431F450DE800915152 /* ViewController.swift */; };
		AE45EE471F450DE800915152 /* Main.storyboard in Resources */ = {isa = PBXBuildFile; fileRef = AE45EE451F450DE800915152 /* Main.storyboard */; };
		AE45EE491F450DE800915152 /* Assets.xcassets in Resources */ = {isa = PBXBuildFile; fileRef = AE45EE481F450DE800915152 /* Assets.xcassets */; };
		AE45EE4C1F450DE800915152 /* LaunchScreen.storyboard in Resources */ = {isa = PBXBuildFile; fileRef = AE45EE4A1F450DE800915152 /* LaunchScreen.storyboard */; };
		AE45EE5A1F450F4700915152 /* APIManager.swift in Sources */ = {isa = PBXBuildFile; fileRef = AE45EE591F450F4700915152 /* APIManager.swift */; };
		AE45EE5C1F4510B000915152 /* ListAds.swift in Sources */ = {isa = PBXBuildFile; fileRef = AE45EE5B1F4510B000915152 /* ListAds.swift */; };
/* End PBXBuildFile section */

/* Begin PBXFileReference section */
		3B725CC32DE534DBEFC10E20 /* Pods-OneTechAsia.debug.xcconfig */ = {isa = PBXFileReference; includeInIndex = 1; lastKnownFileType = text.xcconfig; name = "Pods-OneTechAsia.debug.xcconfig"; path = "Pods/Target Support Files/Pods-OneTechAsia/Pods-OneTechAsia.debug.xcconfig"; sourceTree = "<group>"; };
		45B5273CAC1DCC8D3BC54B20 /* Pods-OneTechAsia.release.xcconfig */ = {isa = PBXFileReference; includeInIndex = 1; lastKnownFileType = text.xcconfig; name = "Pods-OneTechAsia.release.xcconfig"; path = "Pods/Target Support Files/Pods-OneTechAsia/Pods-OneTechAsia.release.xcconfig"; sourceTree = "<group>"; };
		AE3629BA1F45969B00AED4D7 /* Utility.swift */ = {isa = PBXFileReference; fileEncoding = 4; lastKnownFileType = sourcecode.swift; path = Utility.swift; sourceTree = "<group>"; };
		AE3629BD1F459DE600AED4D7 /* KozGoPr0.otf */ = {isa = PBXFileReference; lastKnownFileType = file; path = KozGoPr0.otf; sourceTree = "<group>"; };
		AE3629BE1F459DE600AED4D7 /* KozGoPr2.otf */ = {isa = PBXFileReference; lastKnownFileType = file; path = KozGoPr2.otf; sourceTree = "<group>"; };
		AE3629BF1F459DE600AED4D7 /* KozGoPr4.otf */ = {isa = PBXFileReference; lastKnownFileType = file; path = KozGoPr4.otf; sourceTree = "<group>"; };
		AE3629C01F459DE600AED4D7 /* KozGoPr6.otf */ = {isa = PBXFileReference; lastKnownFileType = file; path = KozGoPr6.otf; sourceTree = "<group>"; };
		AE3629C11F459DE600AED4D7 /* KozGoPr6N-Bold.otf */ = {isa = PBXFileReference; lastKnownFileType = file; path = "KozGoPr6N-Bold.otf"; sourceTree = "<group>"; };
		AE3629C21F459DE600AED4D7 /* KozGoPr6N-ExtraLight.otf */ = {isa = PBXFileReference; lastKnownFileType = file; path = "KozGoPr6N-ExtraLight.otf"; sourceTree = "<group>"; };
		AE3629C31F459DE600AED4D7 /* KozGoPr6N-Heavy.otf */ = {isa = PBXFileReference; lastKnownFileType = file; path = "KozGoPr6N-Heavy.otf"; sourceTree = "<group>"; };
		AE3629C41F459DE600AED4D7 /* KozGoPr6N-Light.otf */ = {isa = PBXFileReference; lastKnownFileType = file; path = "KozGoPr6N-Light.otf"; sourceTree = "<group>"; };
		AE3629C51F459DE600AED4D7 /* KozGoPr6N-Medium.otf */ = {isa = PBXFileReference; lastKnownFileType = file; path = "KozGoPr6N-Medium.otf"; sourceTree = "<group>"; };
		AE3629C61F459DE600AED4D7 /* KozGoPr6N-Regular.otf */ = {isa = PBXFileReference; lastKnownFileType = file; path = "KozGoPr6N-Regular.otf"; sourceTree = "<group>"; };
		AE3629C71F459DE600AED4D7 /* KozGoPr8.otf */ = {isa = PBXFileReference; lastKnownFileType = file; path = KozGoPr8.otf; sourceTree = "<group>"; };
		AE3629C81F459DE600AED4D7 /* KozGoPrA.otf */ = {isa = PBXFileReference; lastKnownFileType = file; path = KozGoPrA.otf; sourceTree = "<group>"; };
		AE3629D51F45AD5900AED4D7 /* Ads.swift */ = {isa = PBXFileReference; fileEncoding = 4; lastKnownFileType = sourcecode.swift; path = Ads.swift; sourceTree = "<group>"; };
		AE45EE3E1F450DE800915152 /* OneTechAsia.app */ = {isa = PBXFileReference; explicitFileType = wrapper.application; includeInIndex = 0; path = OneTechAsia.app; sourceTree = BUILT_PRODUCTS_DIR; };
		AE45EE411F450DE800915152 /* AppDelegate.swift */ = {isa = PBXFileReference; lastKnownFileType = sourcecode.swift; path = AppDelegate.swift; sourceTree = "<group>"; };
		AE45EE431F450DE800915152 /* ViewController.swift */ = {isa = PBXFileReference; lastKnownFileType = sourcecode.swift; path = ViewController.swift; sourceTree = "<group>"; };
		AE45EE461F450DE800915152 /* Base */ = {isa = PBXFileReference; lastKnownFileType = file.storyboard; name = Base; path = Base.lproj/Main.storyboard; sourceTree = "<group>"; };
		AE45EE481F450DE800915152 /* Assets.xcassets */ = {isa = PBXFileReference; lastKnownFileType = folder.assetcatalog; path = Assets.xcassets; sourceTree = "<group>"; };
		AE45EE4B1F450DE800915152 /* Base */ = {isa = PBXFileReference; lastKnownFileType = file.storyboard; name = Base; path = Base.lproj/LaunchScreen.storyboard; sourceTree = "<group>"; };
		AE45EE4D1F450DE800915152 /* Info.plist */ = {isa = PBXFileReference; lastKnownFileType = text.plist.xml; path = Info.plist; sourceTree = "<group>"; };
		AE45EE591F450F4700915152 /* APIManager.swift */ = {isa = PBXFileReference; fileEncoding = 4; lastKnownFileType = sourcecode.swift; path = APIManager.swift; sourceTree = "<group>"; };
		AE45EE5B1F4510B000915152 /* ListAds.swift */ = {isa = PBXFileReference; fileEncoding = 4; lastKnownFileType = sourcecode.swift; path = ListAds.swift; sourceTree = "<group>"; };
		B6360A6EE8559D909BD92E47 /* Pods_OneTechAsia.framework */ = {isa = PBXFileReference; explicitFileType = wrapper.framework; includeInIndex = 0; path = Pods_OneTechAsia.framework; sourceTree = BUILT_PRODUCTS_DIR; };
/* End PBXFileReference section */

/* Begin PBXFrameworksBuildPhase section */
		AE45EE3B1F450DE800915152 /* Frameworks */ = {
			isa = PBXFrameworksBuildPhase;
			buildActionMask = 2147483647;
			files = (
				4647E00B7B5C985E320E24C9 /* Pods_OneTechAsia.framework in Frameworks */,
			);
			runOnlyForDeploymentPostprocessing = 0;
		};
/* End PBXFrameworksBuildPhase section */

/* Begin PBXGroup section */
		AE3629B91F45968600AED4D7 /* Helper */ = {
			isa = PBXGroup;
			children = (
				AE3629BA1F45969B00AED4D7 /* Utility.swift */,
			);
			name = Helper;
			sourceTree = "<group>";
		};
		AE3629BC1F459DC800AED4D7 /* Fonts */ = {
			isa = PBXGroup;
			children = (
				AE3629BD1F459DE600AED4D7 /* KozGoPr0.otf */,
				AE3629BE1F459DE600AED4D7 /* KozGoPr2.otf */,
				AE3629BF1F459DE600AED4D7 /* KozGoPr4.otf */,
				AE3629C01F459DE600AED4D7 /* KozGoPr6.otf */,
				AE3629C11F459DE600AED4D7 /* KozGoPr6N-Bold.otf */,
				AE3629C21F459DE600AED4D7 /* KozGoPr6N-ExtraLight.otf */,
				AE3629C31F459DE600AED4D7 /* KozGoPr6N-Heavy.otf */,
				AE3629C41F459DE600AED4D7 /* KozGoPr6N-Light.otf */,
				AE3629C51F459DE600AED4D7 /* KozGoPr6N-Medium.otf */,
				AE3629C61F459DE600AED4D7 /* KozGoPr6N-Regular.otf */,
				AE3629C71F459DE600AED4D7 /* KozGoPr8.otf */,
				AE3629C81F459DE600AED4D7 /* KozGoPrA.otf */,
			);
			name = Fonts;
			sourceTree = "<group>";
		};
		AE45EE351F450DE800915152 = {
			isa = PBXGroup;
			children = (
				AE45EE401F450DE800915152 /* OneTechAsia */,
				AE45EE3F1F450DE800915152 /* Products */,
				E204743E8CAE39DE327DC506 /* Pods */,
				C291BAAF595792597D89B68B /* Frameworks */,
			);
			sourceTree = "<group>";
		};
		AE45EE3F1F450DE800915152 /* Products */ = {
			isa = PBXGroup;
			children = (
				AE45EE3E1F450DE800915152 /* OneTechAsia.app */,
			);
			name = Products;
			sourceTree = "<group>";
		};
		AE45EE401F450DE800915152 /* OneTechAsia */ = {
			isa = PBXGroup;
			children = (
				AE3629BC1F459DC800AED4D7 /* Fonts */,
				AE3629B91F45968600AED4D7 /* Helper */,
				AE45EE581F450F3600915152 /* Manager */,
				AE45EE551F450F0A00915152 /* Controller */,
				AE45EE541F450F0400915152 /* View */,
				AE45EE531F450EFC00915152 /* Model */,
				AE45EE411F450DE800915152 /* AppDelegate.swift */,
				AE45EE451F450DE800915152 /* Main.storyboard */,
				AE45EE481F450DE800915152 /* Assets.xcassets */,
				AE45EE4A1F450DE800915152 /* LaunchScreen.storyboard */,
				AE45EE4D1F450DE800915152 /* Info.plist */,
			);
			path = OneTechAsia;
			sourceTree = "<group>";
		};
		AE45EE531F450EFC00915152 /* Model */ = {
			isa = PBXGroup;
			children = (
				AE45EE5B1F4510B000915152 /* ListAds.swift */,
				AE3629D51F45AD5900AED4D7 /* Ads.swift */,
			);
			name = Model;
			sourceTree = "<group>";
		};
		AE45EE541F450F0400915152 /* View */ = {
			isa = PBXGroup;
			children = (
			);
			name = View;
			sourceTree = "<group>";
		};
		AE45EE551F450F0A00915152 /* Controller */ = {
			isa = PBXGroup;
			children = (
				AE45EE431F450DE800915152 /* ViewController.swift */,
			);
			name = Controller;
			sourceTree = "<group>";
		};
		AE45EE581F450F3600915152 /* Manager */ = {
			isa = PBXGroup;
			children = (
				AE45EE591F450F4700915152 /* APIManager.swift */,
			);
			name = Manager;
			sourceTree = "<group>";
		};
		C291BAAF595792597D89B68B /* Frameworks */ = {
			isa = PBXGroup;
			children = (
				B6360A6EE8559D909BD92E47 /* Pods_OneTechAsia.framework */,
			);
			name = Frameworks;
			sourceTree = "<group>";
		};
		E204743E8CAE39DE327DC506 /* Pods */ = {
			isa = PBXGroup;
			children = (
				3B725CC32DE534DBEFC10E20 /* Pods-OneTechAsia.debug.xcconfig */,
				45B5273CAC1DCC8D3BC54B20 /* Pods-OneTechAsia.release.xcconfig */,
			);
			name = Pods;
			sourceTree = "<group>";
		};
/* End PBXGroup section */

/* Begin PBXNativeTarget section */
		AE45EE3D1F450DE800915152 /* OneTechAsia */ = {
			isa = PBXNativeTarget;
			buildConfigurationList = AE45EE501F450DE800915152 /* Build configuration list for PBXNativeTarget "OneTechAsia" */;
			buildPhases = (
				D9DD6B02C05DF6A36C69D8C2 /* [CP] Check Pods Manifest.lock */,
				AE45EE3A1F450DE800915152 /* Sources */,
				AE45EE3B1F450DE800915152 /* Frameworks */,
				AE45EE3C1F450DE800915152 /* Resources */,
				F20CAFDF2577D17054093C11 /* [CP] Embed Pods Frameworks */,
				6064605026261B1C3C7A11A2 /* [CP] Copy Pods Resources */,
			);
			buildRules = (
			);
			dependencies = (
			);
			name = OneTechAsia;
			productName = OneTechAsia;
			productReference = AE45EE3E1F450DE800915152 /* OneTechAsia.app */;
			productType = "com.apple.product-type.application";
		};
/* End PBXNativeTarget section */

/* Begin PBXProject section */
		AE45EE361F450DE800915152 /* Project object */ = {
			isa = PBXProject;
			attributes = {
				LastSwiftUpdateCheck = 0830;
				LastUpgradeCheck = 0830;
				ORGANIZATIONNAME = "Rea Won Kim";
				TargetAttributes = {
					AE45EE3D1F450DE800915152 = {
						CreatedOnToolsVersion = 8.3.3;
						DevelopmentTeam = 9M89LZG9KX;
						ProvisioningStyle = Automatic;
					};
				};
			};
			buildConfigurationList = AE45EE391F450DE800915152 /* Build configuration list for PBXProject "OneTechAsia" */;
			compatibilityVersion = "Xcode 3.2";
			developmentRegion = English;
			hasScannedForEncodings = 0;
			knownRegions = (
				en,
				Base,
			);
			mainGroup = AE45EE351F450DE800915152;
			productRefGroup = AE45EE3F1F450DE800915152 /* Products */;
			projectDirPath = "";
			projectRoot = "";
			targets = (
				AE45EE3D1F450DE800915152 /* OneTechAsia */,
			);
		};
/* End PBXProject section */

/* Begin PBXResourcesBuildPhase section */
		AE45EE3C1F450DE800915152 /* Resources */ = {
			isa = PBXResourcesBuildPhase;
			buildActionMask = 2147483647;
			files = (
				AE3629CC1F459DE600AED4D7 /* KozGoPr6.otf in Resources */,
				AE45EE4C1F450DE800915152 /* LaunchScreen.storyboard in Resources */,
				AE3629CF1F459DE600AED4D7 /* KozGoPr6N-Heavy.otf in Resources */,
				AE3629D21F459DE600AED4D7 /* KozGoPr6N-Regular.otf in Resources */,
				AE3629CE1F459DE600AED4D7 /* KozGoPr6N-ExtraLight.otf in Resources */,
				AE45EE491F450DE800915152 /* Assets.xcassets in Resources */,
				AE45EE471F450DE800915152 /* Main.storyboard in Resources */,
				AE3629D01F459DE600AED4D7 /* KozGoPr6N-Light.otf in Resources */,
				AE3629D41F459DE600AED4D7 /* KozGoPrA.otf in Resources */,
				AE3629CA1F459DE600AED4D7 /* KozGoPr2.otf in Resources */,
				AE3629C91F459DE600AED4D7 /* KozGoPr0.otf in Resources */,
				AE3629D11F459DE600AED4D7 /* KozGoPr6N-Medium.otf in Resources */,
				AE3629CB1F459DE600AED4D7 /* KozGoPr4.otf in Resources */,
				AE3629CD1F459DE600AED4D7 /* KozGoPr6N-Bold.otf in Resources */,
				AE3629D31F459DE600AED4D7 /* KozGoPr8.otf in Resources */,
			);
			runOnlyForDeploymentPostprocessing = 0;
		};
/* End PBXResourcesBuildPhase section */

/* Begin PBXShellScriptBuildPhase section */
		6064605026261B1C3C7A11A2 /* [CP] Copy Pods Resources */ = {
			isa = PBXShellScriptBuildPhase;
			buildActionMask = 2147483647;
			files = (
			);
			inputPaths = (
			);
			name = "[CP] Copy Pods Resources";
			outputPaths = (
			);
			runOnlyForDeploymentPostprocessing = 0;
			shellPath = /bin/sh;
			shellScript = "\"${SRCROOT}/Pods/Target Support Files/Pods-OneTechAsia/Pods-OneTechAsia-resources.sh\"\n";
			showEnvVarsInLog = 0;
		};
		D9DD6B02C05DF6A36C69D8C2 /* [CP] Check Pods Manifest.lock */ = {
			isa = PBXShellScriptBuildPhase;
			buildActionMask = 2147483647;
			files = (
			);
			inputPaths = (
			);
			name = "[CP] Check Pods Manifest.lock";
			outputPaths = (
			);
			runOnlyForDeploymentPostprocessing = 0;
			shellPath = /bin/sh;
			shellScript = "diff \"${PODS_ROOT}/../Podfile.lock\" \"${PODS_ROOT}/Manifest.lock\" > /dev/null\nif [ $? != 0 ] ; then\n    # print error to STDERR\n    echo \"error: The sandbox is not in sync with the Podfile.lock. Run 'pod install' or update your CocoaPods installation.\" >&2\n    exit 1\nfi\n";
			showEnvVarsInLog = 0;
		};
		F20CAFDF2577D17054093C11 /* [CP] Embed Pods Frameworks */ = {
			isa = PBXShellScriptBuildPhase;
			buildActionMask = 2147483647;
			files = (
			);
			inputPaths = (
			);
			name = "[CP] Embed Pods Frameworks";
			outputPaths = (
			);
			runOnlyForDeploymentPostprocessing = 0;
			shellPath = /bin/sh;
			shellScript = "\"${SRCROOT}/Pods/Target Support Files/Pods-OneTechAsia/Pods-OneTechAsia-frameworks.sh\"\n";
			showEnvVarsInLog = 0;
		};
/* End PBXShellScriptBuildPhase section */

/* Begin PBXSourcesBuildPhase section */
		AE45EE3A1F450DE800915152 /* Sources */ = {
			isa = PBXSourcesBuildPhase;
			buildActionMask = 2147483647;
			files = (
				AE3629D61F45AD5900AED4D7 /* Ads.swift in Sources */,
				AE3629BB1F45969B00AED4D7 /* Utility.swift in Sources */,
				AE45EE5A1F450F4700915152 /* APIManager.swift in Sources */,
				AE45EE441F450DE800915152 /* ViewController.swift in Sources */,
				AE45EE421F450DE800915152 /* AppDelegate.swift in Sources */,
				AE45EE5C1F4510B000915152 /* ListAds.swift in Sources */,
			);
			runOnlyForDeploymentPostprocessing = 0;
		};
/* End PBXSourcesBuildPhase section */

/* Begin PBXVariantGroup section */
		AE45EE451F450DE800915152 /* Main.storyboard */ = {
			isa = PBXVariantGroup;
			children = (
				AE45EE461F450DE800915152 /* Base */,
			);
			name = Main.storyboard;
			sourceTree = "<group>";
		};
		AE45EE4A1F450DE800915152 /* LaunchScreen.storyboard */ = {
			isa = PBXVariantGroup;
			children = (
				AE45EE4B1F450DE800915152 /* Base */,
			);
			name = LaunchScreen.storyboard;
			sourceTree = "<group>";
		};
/* End PBXVariantGroup section */

/* Begin XCBuildConfiguration section */
		AE45EE4E1F450DE800915152 /* Debug */ = {
			isa = XCBuildConfiguration;
			buildSettings = {
				ALWAYS_SEARCH_USER_PATHS = NO;
				CLANG_ANALYZER_NONNULL = YES;
				CLANG_ANALYZER_NUMBER_OBJECT_CONVERSION = YES_AGGRESSIVE;
				CLANG_CXX_LANGUAGE_STANDARD = "gnu++0x";
				CLANG_CXX_LIBRARY = "libc++";
				CLANG_ENABLE_MODULES = YES;
				CLANG_ENABLE_OBJC_ARC = YES;
				CLANG_WARN_BOOL_CONVERSION = YES;
				CLANG_WARN_CONSTANT_CONVERSION = YES;
				CLANG_WARN_DIRECT_OBJC_ISA_USAGE = YES_ERROR;
				CLANG_WARN_DOCUMENTATION_COMMENTS = YES;
				CLANG_WARN_EMPTY_BODY = YES;
				CLANG_WARN_ENUM_CONVERSION = YES;
				CLANG_WARN_INFINITE_RECURSION = YES;
				CLANG_WARN_INT_CONVERSION = YES;
				CLANG_WARN_OBJC_ROOT_CLASS = YES_ERROR;
				CLANG_WARN_SUSPICIOUS_MOVE = YES;
				CLANG_WARN_UNREACHABLE_CODE = YES;
				CLANG_WARN__DUPLICATE_METHOD_MATCH = YES;
				"CODE_SIGN_IDENTITY[sdk=iphoneos*]" = "iPhone Developer";
				COPY_PHASE_STRIP = NO;
				DEBUG_INFORMATION_FORMAT = dwarf;
				ENABLE_STRICT_OBJC_MSGSEND = YES;
				ENABLE_TESTABILITY = YES;
				GCC_C_LANGUAGE_STANDARD = gnu99;
				GCC_DYNAMIC_NO_PIC = NO;
				GCC_NO_COMMON_BLOCKS = YES;
				GCC_OPTIMIZATION_LEVEL = 0;
				GCC_PREPROCESSOR_DEFINITIONS = (
					"DEBUG=1",
					"$(inherited)",
				);
				GCC_WARN_64_TO_32_BIT_CONVERSION = YES;
				GCC_WARN_ABOUT_RETURN_TYPE = YES_ERROR;
				GCC_WARN_UNDECLARED_SELECTOR = YES;
				GCC_WARN_UNINITIALIZED_AUTOS = YES_AGGRESSIVE;
				GCC_WARN_UNUSED_FUNCTION = YES;
				GCC_WARN_UNUSED_VARIABLE = YES;
				IPHONEOS_DEPLOYMENT_TARGET = 10.3;
				MTL_ENABLE_DEBUG_INFO = YES;
				ONLY_ACTIVE_ARCH = YES;
				SDKROOT = iphoneos;
				SWIFT_ACTIVE_COMPILATION_CONDITIONS = DEBUG;
				SWIFT_OPTIMIZATION_LEVEL = "-Onone";
				TARGETED_DEVICE_FAMILY = "1,2";
			};
			name = Debug;
		};
		AE45EE4F1F450DE800915152 /* Release */ = {
			isa = XCBuildConfiguration;
			buildSettings = {
				ALWAYS_SEARCH_USER_PATHS = NO;
				CLANG_ANALYZER_NONNULL = YES;
				CLANG_ANALYZER_NUMBER_OBJECT_CONVERSION = YES_AGGRESSIVE;
				CLANG_CXX_LANGUAGE_STANDARD = "gnu++0x";
				CLANG_CXX_LIBRARY = "libc++";
				CLANG_ENABLE_MODULES = YES;
				CLANG_ENABLE_OBJC_ARC = YES;
				CLANG_WARN_BOOL_CONVERSION = YES;
				CLANG_WARN_CONSTANT_CONVERSION = YES;
				CLANG_WARN_DIRECT_OBJC_ISA_USAGE = YES_ERROR;
				CLANG_WARN_DOCUMENTATION_COMMENTS = YES;
				CLANG_WARN_EMPTY_BODY = YES;
				CLANG_WARN_ENUM_CONVERSION = YES;
				CLANG_WARN_INFINITE_RECURSION = YES;
				CLANG_WARN_INT_CONVERSION = YES;
				CLANG_WARN_OBJC_ROOT_CLASS = YES_ERROR;
				CLANG_WARN_SUSPICIOUS_MOVE = YES;
				CLANG_WARN_UNREACHABLE_CODE = YES;
				CLANG_WARN__DUPLICATE_METHOD_MATCH = YES;
				"CODE_SIGN_IDENTITY[sdk=iphoneos*]" = "iPhone Developer";
				COPY_PHASE_STRIP = NO;
				DEBUG_INFORMATION_FORMAT = "dwarf-with-dsym";
				ENABLE_NS_ASSERTIONS = NO;
				ENABLE_STRICT_OBJC_MSGSEND = YES;
				GCC_C_LANGUAGE_STANDARD = gnu99;
				GCC_NO_COMMON_BLOCKS = YES;
				GCC_WARN_64_TO_32_BIT_CONVERSION = YES;
				GCC_WARN_ABOUT_RETURN_TYPE = YES_ERROR;
				GCC_WARN_UNDECLARED_SELECTOR = YES;
				GCC_WARN_UNINITIALIZED_AUTOS = YES_AGGRESSIVE;
				GCC_WARN_UNUSED_FUNCTION = YES;
				GCC_WARN_UNUSED_VARIABLE = YES;
				IPHONEOS_DEPLOYMENT_TARGET = 10.3;
				MTL_ENABLE_DEBUG_INFO = NO;
				SDKROOT = iphoneos;
				SWIFT_OPTIMIZATION_LEVEL = "-Owholemodule";
				TARGETED_DEVICE_FAMILY = "1,2";
				VALIDATE_PRODUCT = YES;
			};
			name = Release;
		};
		AE45EE511F450DE800915152 /* Debug */ = {
			isa = XCBuildConfiguration;
			baseConfigurationReference = 3B725CC32DE534DBEFC10E20 /* Pods-OneTechAsia.debug.xcconfig */;
			buildSettings = {
				ASSETCATALOG_COMPILER_APPICON_NAME = AppIcon;
				DEVELOPMENT_TEAM = 9M89LZG9KX;
				INFOPLIST_FILE = OneTechAsia/Info.plist;
				LD_RUNPATH_SEARCH_PATHS = "$(inherited) @executable_path/Frameworks";
				PRODUCT_BUNDLE_IDENTIFIER = ReaWonKim.OneTechAsia;
				PRODUCT_NAME = "$(TARGET_NAME)";
				SWIFT_VERSION = 3.0;
			};
			name = Debug;
		};
		AE45EE521F450DE800915152 /* Release */ = {
			isa = XCBuildConfiguration;
			baseConfigurationReference = 45B5273CAC1DCC8D3BC54B20 /* Pods-OneTechAsia.release.xcconfig */;
			buildSettings = {
				ASSETCATALOG_COMPILER_APPICON_NAME = AppIcon;
				DEVELOPMENT_TEAM = 9M89LZG9KX;
				INFOPLIST_FILE = OneTechAsia/Info.plist;
				LD_RUNPATH_SEARCH_PATHS = "$(inherited) @executable_path/Frameworks";
				PRODUCT_BUNDLE_IDENTIFIER = ReaWonKim.OneTechAsia;
				PRODUCT_NAME = "$(TARGET_NAME)";
				SWIFT_VERSION = 3.0;
			};
			name = Release;
		};
/* End XCBuildConfiguration section */

/* Begin XCConfigurationList section */
		AE45EE391F450DE800915152 /* Build configuration list for PBXProject "OneTechAsia" */ = {
			isa = XCConfigurationList;
			buildConfigurations = (
				AE45EE4E1F450DE800915152 /* Debug */,
				AE45EE4F1F450DE800915152 /* Release */,
			);
			defaultConfigurationIsVisible = 0;
			defaultConfigurationName = Release;
		};
		AE45EE501F450DE800915152 /* Build configuration list for PBXNativeTarget "OneTechAsia" */ = {
			isa = XCConfigurationList;
			buildConfigurations = (
				AE45EE511F450DE800915152 /* Debug */,
				AE45EE521F450DE800915152 /* Release */,
			);
			defaultConfigurationIsVisible = 0;
			defaultConfigurationName = Release;
		};
/* End XCConfigurationList section */
	};
	rootObject = AE45EE361F450DE800915152 /* Project object */;
}
